
Microsoft Visual Studio Solution File, Format Version 12.00
# Visual Studio Version 16
VisualStudioVersion = 16.0.30320.27
MinimumVisualStudioVersion = 10.0.40219.1
Project("{8BC9CEB8-8B4A-11D0-8D11-00A0C91BC942}") = "TestCPlusPlus", "TestCPlusPlus\TestCPlusPlus.vcxproj", "{CB0E7245-CBE2-47FB-A415-BD1953FB9B65}"
EndProject
Project("{8BC9CEB8-8B4A-11D0-8D11-00A0C91BC942}") = "BT_02", "BT_02\BT_02.vcxproj", "{65DBF331-C8BE-43F3-9326-57BAA89B8810}"
EndProject
Project("{8BC9CEB8-8B4A-11D0-8D11-00A0C91BC942}") = "BT_03", "BT_03\BT_03.vcxproj", "{1346F4A7-C2E2-43DF-8BE4-0CEC476D2852}"
EndProject
Project("{8BC9CEB8-8B4A-11D0-8D11-00A0C91BC942}") = "BT_04", "BT_04\BT_04.vcxproj", "{A8DAA798-3B65-4415-A563-75D141C8DA62}"
EndProject
Project("{8BC9CEB8-8B4A-11D0-8D11-00A0C91BC942}") = "BT_10", "BT_10\BT_10.vcxproj", "{0F22A3DA-0D04-485F-A74C-407D9981B4F5}"
EndProject
Project("{8BC9CEB8-8B4A-11D0-8D11-00A0C91BC942}") = "BT_12", "BT_12\BT_12.vcxproj", "{5214D875-80DF-4899-BCBE-1ADEE2442CB2}"
EndProject
Project("{8BC9CEB8-8B4A-11D0-8D11-00A0C91BC942}") = "BT_13", "BT_13\BT_13.vcxproj", "{8679D17F-5CA1-45AD-9ED1-B3B41742799C}"
EndProject
Project("{8BC9CEB8-8B4A-11D0-8D11-00A0C91BC942}") = "BT_08", "BT_08\BT_08.vcxproj", "{63543318-1D0A-4462-B7AB-BBB0CB068DC5}"
EndProject
Project("{8BC9CEB8-8B4A-11D0-8D11-00A0C91BC942}") = "BT_14", "BT_14\BT_14.vcxproj", "{06AB1E36-599C-42B2-B8C0-956773223CC2}"
EndProject
Project("{8BC9CEB8-8B4A-11D0-8D11-00A0C91BC942}") = "NgoiSaoQuayTraiPhai", "NgoiSaoQuayTraiPhai\NgoiSaoQuayTraiPhai.vcxproj", "{D5EAA5AA-9314-45FF-AD8E-5EF47EEE3E7D}"
EndProject
Global
	GlobalSection(SolutionConfigurationPlatforms) = preSolution
		Debug|x64 = Debug|x64
		Debug|x86 = Debug|x86
		Release|x64 = Release|x64
		Release|x86 = Release|x86
	EndGlobalSection
	GlobalSection(ProjectConfigurationPlatforms) = postSolution
		{CB0E7245-CBE2-47FB-A415-BD1953FB9B65}.Debug|x64.ActiveCfg = Debug|x64
		{CB0E7245-CBE2-47FB-A415-BD1953FB9B65}.Debug|x64.Build.0 = Debug|x64
		{CB0E7245-CBE2-47FB-A415-BD1953FB9B65}.Debug|x86.ActiveCfg = Debug|Win32
		{CB0E7245-CBE2-47FB-A415-BD1953FB9B65}.Debug|x86.Build.0 = Debug|Win32
		{CB0E7245-CBE2-47FB-A415-BD1953FB9B65}.Release|x64.ActiveCfg = Release|x64
		{CB0E7245-CBE2-47FB-A415-BD1953FB9B65}.Release|x64.Build.0 = Release|x64
		{CB0E7245-CBE2-47FB-A415-BD1953FB9B65}.Release|x86.ActiveCfg = Release|Win32
		{CB0E7245-CBE2-47FB-A415-BD1953FB9B65}.Release|x86.Build.0 = Release|Win32
		{65DBF331-C8BE-43F3-9326-57BAA89B8810}.Debug|x64.ActiveCfg = Debug|x64
		{65DBF331-C8BE-43F3-9326-57BAA89B8810}.Debug|x64.Build.0 = Debug|x64
		{65DBF331-C8BE-43F3-9326-57BAA89B8810}.Debug|x86.ActiveCfg = Debug|Win32
		{65DBF331-C8BE-43F3-9326-57BAA89B8810}.Debug|x86.Build.0 = Debug|Win32
		{65DBF331-C8BE-43F3-9326-57BAA89B8810}.Release|x64.ActiveCfg = Release|x64
		{65DBF331-C8BE-43F3-9326-57BAA89B8810}.Release|x64.Build.0 = Release|x64
		{65DBF331-C8BE-43F3-9326-57BAA89B8810}.Release|x86.ActiveCfg = Release|Win32
		{65DBF331-C8BE-43F3-9326-57BAA89B8810}.Release|x86.Build.0 = Release|Win32
		{1346F4A7-C2E2-43DF-8BE4-0CEC476D2852}.Debug|x64.ActiveCfg = Debug|x64
		{1346F4A7-C2E2-43DF-8BE4-0CEC476D2852}.Debug|x64.Build.0 = Debug|x64
		{1346F4A7-C2E2-43DF-8BE4-0CEC476D2852}.Debug|x86.ActiveCfg = Debug|Win32
		{1346F4A7-C2E2-43DF-8BE4-0CEC476D2852}.Debug|x86.Build.0 = Debug|Win32
		{1346F4A7-C2E2-43DF-8BE4-0CEC476D2852}.Release|x64.ActiveCfg = Release|x64
		{1346F4A7-C2E2-43DF-8BE4-0CEC476D2852}.Release|x64.Build.0 = Release|x64
		{1346F4A7-C2E2-43DF-8BE4-0CEC476D2852}.Release|x86.ActiveCfg = Release|Win32
		{1346F4A7-C2E2-43DF-8BE4-0CEC476D2852}.Release|x86.Build.0 = Release|Win32
		{A8DAA798-3B65-4415-A563-75D141C8DA62}.Debug|x64.ActiveCfg = Debug|x64
		{A8DAA798-3B65-4415-A563-75D141C8DA62}.Debug|x64.Build.0 = Debug|x64
		{A8DAA798-3B65-4415-A563-75D141C8DA62}.Debug|x86.ActiveCfg = Debug|Win32
		{A8DAA798-3B65-4415-A563-75D141C8DA62}.Debug|x86.Build.0 = Debug|Win32
		{A8DAA798-3B65-4415-A563-75D141C8DA62}.Release|x64.ActiveCfg = Release|x64
		{A8DAA798-3B65-4415-A563-75D141C8DA62}.Release|x64.Build.0 = Release|x64
		{A8DAA798-3B65-4415-A563-75D141C8DA62}.Release|x86.ActiveCfg = Release|Win32
		{A8DAA798-3B65-4415-A563-75D141C8DA62}.Release|x86.Build.0 = Release|Win32
		{0F22A3DA-0D04-485F-A74C-407D9981B4F5}.Debug|x64.ActiveCfg = Debug|x64
		{0F22A3DA-0D04-485F-A74C-407D9981B4F5}.Debug|x64.Build.0 = Debug|x64
		{0F22A3DA-0D04-485F-A74C-407D9981B4F5}.Debug|x86.ActiveCfg = Debug|Win32
		{0F22A3DA-0D04-485F-A74C-407D9981B4F5}.Debug|x86.Build.0 = Debug|Win32
		{0F22A3DA-0D04-485F-A74C-407D9981B4F5}.Release|x64.ActiveCfg = Release|x64
		{0F22A3DA-0D04-485F-A74C-407D9981B4F5}.Release|x64.Build.0 = Release|x64
		{0F22A3DA-0D04-485F-A74C-407D9981B4F5}.Release|x86.ActiveCfg = Release|Win32
		{0F22A3DA-0D04-485F-A74C-407D9981B4F5}.Release|x86.Build.0 = Release|Win32
		{5214D875-80DF-4899-BCBE-1ADEE2442CB2}.Debug|x64.ActiveCfg = Debug|x64
		{5214D875-80DF-4899-BCBE-1ADEE2442CB2}.Debug|x64.Build.0 = Debug|x64
		{5214D875-80DF-4899-BCBE-1ADEE2442CB2}.Debug|x86.ActiveCfg = Debug|Win32
		{5214D875-80DF-4899-BCBE-1ADEE2442CB2}.Debug|x86.Build.0 = Debug|Win32
		{5214D875-80DF-4899-BCBE-1ADEE2442CB2}.Release|x64.ActiveCfg = Release|x64
		{5214D875-80DF-4899-BCBE-1ADEE2442CB2}.Release|x64.Build.0 = Release|x64
		{5214D875-80DF-4899-BCBE-1ADEE2442CB2}.Release|x86.ActiveCfg = Release|Win32
		{5214D875-80DF-4899-BCBE-1ADEE2442CB2}.Release|x86.Build.0 = Release|Win32
		{8679D17F-5CA1-45AD-9ED1-B3B41742799C}.Debug|x64.ActiveCfg = Debug|x64
		{8679D17F-5CA1-45AD-9ED1-B3B41742799C}.Debug|x64.Build.0 = Debug|x64
		{8679D17F-5CA1-45AD-9ED1-B3B41742799C}.Debug|x86.ActiveCfg = Debug|Win32
		{8679D17F-5CA1-45AD-9ED1-B3B41742799C}.Debug|x86.Build.0 = Debug|Win32
		{8679D17F-5CA1-45AD-9ED1-B3B41742799C}.Release|x64.ActiveCfg = Release|x64
		{8679D17F-5CA1-45AD-9ED1-B3B41742799C}.Release|x64.Build.0 = Release|x64
		{8679D17F-5CA1-45AD-9ED1-B3B41742799C}.Release|x86.ActiveCfg = Release|Win32
		{8679D17F-5CA1-45AD-9ED1-B3B41742799C}.Release|x86.Build.0 = Release|Win32
		{63543318-1D0A-4462-B7AB-BBB0CB068DC5}.Debug|x64.ActiveCfg = Debug|x64
		{63543318-1D0A-4462-B7AB-BBB0CB068DC5}.Debug|x64.Build.0 = Debug|x64
		{63543318-1D0A-4462-B7AB-BBB0CB068DC5}.Debug|x86.ActiveCfg = Debug|Win32
		{63543318-1D0A-4462-B7AB-BBB0CB068DC5}.Debug|x86.Build.0 = Debug|Win32
		{63543318-1D0A-4462-B7AB-BBB0CB068DC5}.Release|x64.ActiveCfg = Release|x64
		{63543318-1D0A-4462-B7AB-BBB0CB068DC5}.Release|x64.Build.0 = Release|x64
		{63543318-1D0A-4462-B7AB-BBB0CB068DC5}.Release|x86.ActiveCfg = Release|Win32
		{63543318-1D0A-4462-B7AB-BBB0CB068DC5}.Release|x86.Build.0 = Release|Win32
		{06AB1E36-599C-42B2-B8C0-956773223CC2}.Debug|x64.ActiveCfg = Debug|x64
		{06AB1E36-599C-42B2-B8C0-956773223CC2}.Debug|x64.Build.0 = Debug|x64
		{06AB1E36-599C-42B2-B8C0-956773223CC2}.Debug|x86.ActiveCfg = Debug|Win32
		{06AB1E36-599C-42B2-B8C0-956773223CC2}.Debug|x86.Build.0 = Debug|Win32
		{06AB1E36-599C-42B2-B8C0-956773223CC2}.Release|x64.ActiveCfg = Release|x64
		{06AB1E36-599C-42B2-B8C0-956773223CC2}.Release|x64.Build.0 = Release|x64
		{06AB1E36-599C-42B2-B8C0-956773223CC2}.Release|x86.ActiveCfg = Release|Win32
		{06AB1E36-599C-42B2-B8C0-956773223CC2}.Release|x86.Build.0 = Release|Win32
		{D5EAA5AA-9314-45FF-AD8E-5EF47EEE3E7D}.Debug|x64.ActiveCfg = Debug|x64
		{D5EAA5AA-9314-45FF-AD8E-5EF47EEE3E7D}.Debug|x64.Build.0 = Debug|x64
		{D5EAA5AA-9314-45FF-AD8E-5EF47EEE3E7D}.Debug|x86.ActiveCfg = Debug|Win32
		{D5EAA5AA-9314-45FF-AD8E-5EF47EEE3E7D}.Debug|x86.Build.0 = Debug|Win32
		{D5EAA5AA-9314-45FF-AD8E-5EF47EEE3E7D}.Release|x64.ActiveCfg = Release|x64
		{D5EAA5AA-9314-45FF-AD8E-5EF47EEE3E7D}.Release|x64.Build.0 = Release|x64
		{D5EAA5AA-9314-45FF-AD8E-5EF47EEE3E7D}.Release|x86.ActiveCfg = Release|Win32
		{D5EAA5AA-9314-45FF-AD8E-5EF47EEE3E7D}.Release|x86.Build.0 = Release|Win32
	EndGlobalSection
	GlobalSection(SolutionProperties) = preSolution
		HideSolutionNode = FALSE
	EndGlobalSection
	GlobalSection(ExtensibilityGlobals) = postSolution
		SolutionGuid = {8D72AD4C-DD62-4564-B5AB-1A6B184250D3}
	EndGlobalSection
EndGlobal
